
Microsoft Visual Studio Solution File, Format Version 12.00
# Visual Studio Version 17
VisualStudioVersion = 17.8.34316.72
MinimumVisualStudioVersion = 10.0.40219.1
Project("{FAE04EC0-301F-11D3-BF4B-00C04F79EFBC}") = "Konu01Degiskenler", "Konu01Degiskenler\Konu01Degiskenler.csproj", "{1B460720-5D25-4698-A32D-02FEB1B3FCDA}"
EndProject
Project("{FAE04EC0-301F-11D3-BF4B-00C04F79EFBC}") = "Konu02TipDonusumleri", "Konu02TipDonusumleri\Konu02TipDonusumleri.csproj", "{0A5273A8-9A59-4676-AABF-F74AED37C6C0}"
EndProject
Project("{FAE04EC0-301F-11D3-BF4B-00C04F79EFBC}") = "Konu03Operatorler", "Konu03Operatorler\Konu03Operatorler.csproj", "{68F19672-D3A3-4BDC-A02C-BF151D9EA989}"
EndProject
Project("{FAE04EC0-301F-11D3-BF4B-00C04F79EFBC}") = "Konu04KararYapilari", "Konu04KararYapilari\Konu04KararYapilari.csproj", "{AC41EBCF-9477-4573-9219-D21A8C754E65}"
EndProject
Project("{FAE04EC0-301F-11D3-BF4B-00C04F79EFBC}") = "Konu05Metotlar", "Konu05Metotlar\Konu05Metotlar.csproj", "{E7A9AFE2-E143-4A3D-A979-F30BC70641BB}"
EndProject
Project("{FAE04EC0-301F-11D3-BF4B-00C04F79EFBC}") = "Konu06Diziler", "Konu06Diziler\Konu06Diziler.csproj", "{407C30D8-66A0-4FE8-8B6C-7AA9E4C9D873}"
EndProject
Project("{FAE04EC0-301F-11D3-BF4B-00C04F79EFBC}") = "Konu07Döngüler", "Konu07Döngüler\Konu07Döngüler.csproj", "{6A2168F5-3667-423A-9F13-B85438A65D64}"
EndProject
Project("{FAE04EC0-301F-11D3-BF4B-00C04F79EFBC}") = "Konu08SiniflarClasses", "Konu08SiniflarClasses\Konu08SiniflarClasses.csproj", "{7C7B15B6-5018-44B7-A9FC-4B96F8B305E7}"
EndProject
Project("{FAE04EC0-301F-11D3-BF4B-00C04F79EFBC}") = "Konu09StructYapilar", "Konu09StructYapilar\Konu09StructYapilar.csproj", "{8DE9FC94-63F9-44F2-9358-E51551337CE6}"
EndProject
Project("{FAE04EC0-301F-11D3-BF4B-00C04F79EFBC}") = "Konu10StringSinifi", "Konu10StringSinifi\Konu10StringSinifi.csproj", "{45FE684C-9621-4233-9410-3C6AC63E8409}"
EndProject
Project("{FAE04EC0-301F-11D3-BF4B-00C04F79EFBC}") = "Konu11Enumlar", "Konu11Enumlar\Konu11Enumlar.csproj", "{FFA28DC7-1809-4689-AFE7-6127ACC3A25D}"
EndProject
Project("{FAE04EC0-301F-11D3-BF4B-00C04F79EFBC}") = "Konu12KalitimInheritance", "Konu12KalitimInheritance\Konu12KalitimInheritance.csproj", "{6E9A81CF-5BA6-4197-9AE3-E7B5D8C2E1FB}"
EndProject
Project("{FAE04EC0-301F-11D3-BF4B-00C04F79EFBC}") = "Konu13KapsullemeEncapsulation", "Konu13KapsullemeEncapsulation\Konu13KapsullemeEncapsulation.csproj", "{19472259-473C-44DF-A101-8BCA2025BCF1}"
EndProject
Project("{FAE04EC0-301F-11D3-BF4B-00C04F79EFBC}") = "Konu14InterfacesArayuzler", "Konu14InterfacesArayuzler\Konu14InterfacesArayuzler.csproj", "{89C44395-CB01-4109-A54B-75185FDBA11E}"
EndProject
Project("{FAE04EC0-301F-11D3-BF4B-00C04F79EFBC}") = "Konu15AbstractClasses", "Konu15AbstractClasses\Konu15AbstractClasses.csproj", "{1299A24F-163D-43BD-B417-8227587E6B36}"
EndProject
Project("{FAE04EC0-301F-11D3-BF4B-00C04F79EFBC}") = "Konu16CollectionsKoleksiyonlar", "Konu16CollectionsKoleksiyonlar\Konu16CollectionsKoleksiyonlar.csproj", "{ACE8C921-98E1-4EF0-951E-3C73ADA49771}"
EndProject
Project("{FAE04EC0-301F-11D3-BF4B-00C04F79EFBC}") = "Konu17HataYonetimi", "Konu17HataYonetimi\Konu17HataYonetimi.csproj", "{81730C14-4CDB-44EB-8A44-7C9F8FDBD19F}"
EndProject
Project("{FAE04EC0-301F-11D3-BF4B-00C04F79EFBC}") = "ClassLibrary1", "ClassLibrary1\ClassLibrary1.csproj", "{563FB9EB-7FFA-438F-8AA0-2D3616B5716B}"
EndProject
Project("{FAE04EC0-301F-11D3-BF4B-00C04F79EFBC}") = "SOLIDPrensipleri", "SOLIDPrensipleri\SOLIDPrensipleri.csproj", "{DE7E2CCA-572E-4B8C-93DA-F8FE09470EC9}"
EndProject
Project("{FAE04EC0-301F-11D3-BF4B-00C04F79EFBC}") = "WindowsForms", "WindowsForms\WindowsForms.csproj", "{27863699-1489-4DD6-A18C-8B9831E9F912}"
EndProject
Global
	GlobalSection(SolutionConfigurationPlatforms) = preSolution
		Debug|Any CPU = Debug|Any CPU
		Release|Any CPU = Release|Any CPU
	EndGlobalSection
	GlobalSection(ProjectConfigurationPlatforms) = postSolution
		{1B460720-5D25-4698-A32D-02FEB1B3FCDA}.Debug|Any CPU.ActiveCfg = Debug|Any CPU
		{1B460720-5D25-4698-A32D-02FEB1B3FCDA}.Debug|Any CPU.Build.0 = Debug|Any CPU
		{1B460720-5D25-4698-A32D-02FEB1B3FCDA}.Release|Any CPU.ActiveCfg = Release|Any CPU
		{1B460720-5D25-4698-A32D-02FEB1B3FCDA}.Release|Any CPU.Build.0 = Release|Any CPU
		{0A5273A8-9A59-4676-AABF-F74AED37C6C0}.Debug|Any CPU.ActiveCfg = Debug|Any CPU
		{0A5273A8-9A59-4676-AABF-F74AED37C6C0}.Debug|Any CPU.Build.0 = Debug|Any CPU
		{0A5273A8-9A59-4676-AABF-F74AED37C6C0}.Release|Any CPU.ActiveCfg = Release|Any CPU
		{0A5273A8-9A59-4676-AABF-F74AED37C6C0}.Release|Any CPU.Build.0 = Release|Any CPU
		{68F19672-D3A3-4BDC-A02C-BF151D9EA989}.Debug|Any CPU.ActiveCfg = Debug|Any CPU
		{68F19672-D3A3-4BDC-A02C-BF151D9EA989}.Debug|Any CPU.Build.0 = Debug|Any CPU
		{68F19672-D3A3-4BDC-A02C-BF151D9EA989}.Release|Any CPU.ActiveCfg = Release|Any CPU
		{68F19672-D3A3-4BDC-A02C-BF151D9EA989}.Release|Any CPU.Build.0 = Release|Any CPU
		{AC41EBCF-9477-4573-9219-D21A8C754E65}.Debug|Any CPU.ActiveCfg = Debug|Any CPU
		{AC41EBCF-9477-4573-9219-D21A8C754E65}.Debug|Any CPU.Build.0 = Debug|Any CPU
		{AC41EBCF-9477-4573-9219-D21A8C754E65}.Release|Any CPU.ActiveCfg = Release|Any CPU
		{AC41EBCF-9477-4573-9219-D21A8C754E65}.Release|Any CPU.Build.0 = Release|Any CPU
		{E7A9AFE2-E143-4A3D-A979-F30BC70641BB}.Debug|Any CPU.ActiveCfg = Debug|Any CPU
		{E7A9AFE2-E143-4A3D-A979-F30BC70641BB}.Debug|Any CPU.Build.0 = Debug|Any CPU
		{E7A9AFE2-E143-4A3D-A979-F30BC70641BB}.Release|Any CPU.ActiveCfg = Release|Any CPU
		{E7A9AFE2-E143-4A3D-A979-F30BC70641BB}.Release|Any CPU.Build.0 = Release|Any CPU
		{407C30D8-66A0-4FE8-8B6C-7AA9E4C9D873}.Debug|Any CPU.ActiveCfg = Debug|Any CPU
		{407C30D8-66A0-4FE8-8B6C-7AA9E4C9D873}.Debug|Any CPU.Build.0 = Debug|Any CPU
		{407C30D8-66A0-4FE8-8B6C-7AA9E4C9D873}.Release|Any CPU.ActiveCfg = Release|Any CPU
		{407C30D8-66A0-4FE8-8B6C-7AA9E4C9D873}.Release|Any CPU.Build.0 = Release|Any CPU
		{6A2168F5-3667-423A-9F13-B85438A65D64}.Debug|Any CPU.ActiveCfg = Debug|Any CPU
		{6A2168F5-3667-423A-9F13-B85438A65D64}.Debug|Any CPU.Build.0 = Debug|Any CPU
		{6A2168F5-3667-423A-9F13-B85438A65D64}.Release|Any CPU.ActiveCfg = Release|Any CPU
		{6A2168F5-3667-423A-9F13-B85438A65D64}.Release|Any CPU.Build.0 = Release|Any CPU
		{7C7B15B6-5018-44B7-A9FC-4B96F8B305E7}.Debug|Any CPU.ActiveCfg = Debug|Any CPU
		{7C7B15B6-5018-44B7-A9FC-4B96F8B305E7}.Debug|Any CPU.Build.0 = Debug|Any CPU
		{7C7B15B6-5018-44B7-A9FC-4B96F8B305E7}.Release|Any CPU.ActiveCfg = Release|Any CPU
		{7C7B15B6-5018-44B7-A9FC-4B96F8B305E7}.Release|Any CPU.Build.0 = Release|Any CPU
		{8DE9FC94-63F9-44F2-9358-E51551337CE6}.Debug|Any CPU.ActiveCfg = Debug|Any CPU
		{8DE9FC94-63F9-44F2-9358-E51551337CE6}.Debug|Any CPU.Build.0 = Debug|Any CPU
		{8DE9FC94-63F9-44F2-9358-E51551337CE6}.Release|Any CPU.ActiveCfg = Release|Any CPU
		{8DE9FC94-63F9-44F2-9358-E51551337CE6}.Release|Any CPU.Build.0 = Release|Any CPU
		{45FE684C-9621-4233-9410-3C6AC63E8409}.Debug|Any CPU.ActiveCfg = Debug|Any CPU
		{45FE684C-9621-4233-9410-3C6AC63E8409}.Debug|Any CPU.Build.0 = Debug|Any CPU
		{45FE684C-9621-4233-9410-3C6AC63E8409}.Release|Any CPU.ActiveCfg = Release|Any CPU
		{45FE684C-9621-4233-9410-3C6AC63E8409}.Release|Any CPU.Build.0 = Release|Any CPU
		{FFA28DC7-1809-4689-AFE7-6127ACC3A25D}.Debug|Any CPU.ActiveCfg = Debug|Any CPU
		{FFA28DC7-1809-4689-AFE7-6127ACC3A25D}.Debug|Any CPU.Build.0 = Debug|Any CPU
		{FFA28DC7-1809-4689-AFE7-6127ACC3A25D}.Release|Any CPU.ActiveCfg = Release|Any CPU
		{FFA28DC7-1809-4689-AFE7-6127ACC3A25D}.Release|Any CPU.Build.0 = Release|Any CPU
		{6E9A81CF-5BA6-4197-9AE3-E7B5D8C2E1FB}.Debug|Any CPU.ActiveCfg = Debug|Any CPU
		{6E9A81CF-5BA6-4197-9AE3-E7B5D8C2E1FB}.Debug|Any CPU.Build.0 = Debug|Any CPU
		{6E9A81CF-5BA6-4197-9AE3-E7B5D8C2E1FB}.Release|Any CPU.ActiveCfg = Release|Any CPU
		{6E9A81CF-5BA6-4197-9AE3-E7B5D8C2E1FB}.Release|Any CPU.Build.0 = Release|Any CPU
		{19472259-473C-44DF-A101-8BCA2025BCF1}.Debug|Any CPU.ActiveCfg = Debug|Any CPU
		{19472259-473C-44DF-A101-8BCA2025BCF1}.Debug|Any CPU.Build.0 = Debug|Any CPU
		{19472259-473C-44DF-A101-8BCA2025BCF1}.Release|Any CPU.ActiveCfg = Release|Any CPU
		{19472259-473C-44DF-A101-8BCA2025BCF1}.Release|Any CPU.Build.0 = Release|Any CPU
		{89C44395-CB01-4109-A54B-75185FDBA11E}.Debug|Any CPU.ActiveCfg = Debug|Any CPU
		{89C44395-CB01-4109-A54B-75185FDBA11E}.Debug|Any CPU.Build.0 = Debug|Any CPU
		{89C44395-CB01-4109-A54B-75185FDBA11E}.Release|Any CPU.ActiveCfg = Release|Any CPU
		{89C44395-CB01-4109-A54B-75185FDBA11E}.Release|Any CPU.Build.0 = Release|Any CPU
		{1299A24F-163D-43BD-B417-8227587E6B36}.Debug|Any CPU.ActiveCfg = Debug|Any CPU
		{1299A24F-163D-43BD-B417-8227587E6B36}.Debug|Any CPU.Build.0 = Debug|Any CPU
		{1299A24F-163D-43BD-B417-8227587E6B36}.Release|Any CPU.ActiveCfg = Release|Any CPU
		{1299A24F-163D-43BD-B417-8227587E6B36}.Release|Any CPU.Build.0 = Release|Any CPU
		{ACE8C921-98E1-4EF0-951E-3C73ADA49771}.Debug|Any CPU.ActiveCfg = Debug|Any CPU
		{ACE8C921-98E1-4EF0-951E-3C73ADA49771}.Debug|Any CPU.Build.0 = Debug|Any CPU
		{ACE8C921-98E1-4EF0-951E-3C73ADA49771}.Release|Any CPU.ActiveCfg = Release|Any CPU
		{ACE8C921-98E1-4EF0-951E-3C73ADA49771}.Release|Any CPU.Build.0 = Release|Any CPU
		{81730C14-4CDB-44EB-8A44-7C9F8FDBD19F}.Debug|Any CPU.ActiveCfg = Debug|Any CPU
		{81730C14-4CDB-44EB-8A44-7C9F8FDBD19F}.Debug|Any CPU.Build.0 = Debug|Any CPU
		{81730C14-4CDB-44EB-8A44-7C9F8FDBD19F}.Release|Any CPU.ActiveCfg = Release|Any CPU
		{81730C14-4CDB-44EB-8A44-7C9F8FDBD19F}.Release|Any CPU.Build.0 = Release|Any CPU
		{563FB9EB-7FFA-438F-8AA0-2D3616B5716B}.Debug|Any CPU.ActiveCfg = Debug|Any CPU
		{563FB9EB-7FFA-438F-8AA0-2D3616B5716B}.Debug|Any CPU.Build.0 = Debug|Any CPU
		{563FB9EB-7FFA-438F-8AA0-2D3616B5716B}.Release|Any CPU.ActiveCfg = Release|Any CPU
		{563FB9EB-7FFA-438F-8AA0-2D3616B5716B}.Release|Any CPU.Build.0 = Release|Any CPU
		{DE7E2CCA-572E-4B8C-93DA-F8FE09470EC9}.Debug|Any CPU.ActiveCfg = Debug|Any CPU
		{DE7E2CCA-572E-4B8C-93DA-F8FE09470EC9}.Debug|Any CPU.Build.0 = Debug|Any CPU
		{DE7E2CCA-572E-4B8C-93DA-F8FE09470EC9}.Release|Any CPU.ActiveCfg = Release|Any CPU
		{DE7E2CCA-572E-4B8C-93DA-F8FE09470EC9}.Release|Any CPU.Build.0 = Release|Any CPU
		{27863699-1489-4DD6-A18C-8B9831E9F912}.Debug|Any CPU.ActiveCfg = Debug|Any CPU
		{27863699-1489-4DD6-A18C-8B9831E9F912}.Debug|Any CPU.Build.0 = Debug|Any CPU
		{27863699-1489-4DD6-A18C-8B9831E9F912}.Release|Any CPU.ActiveCfg = Release|Any CPU
		{27863699-1489-4DD6-A18C-8B9831E9F912}.Release|Any CPU.Build.0 = Release|Any CPU
	EndGlobalSection
	GlobalSection(SolutionProperties) = preSolution
		HideSolutionNode = FALSE
	EndGlobalSection
	GlobalSection(ExtensibilityGlobals) = postSolution
		SolutionGuid = {92D9023A-913F-4C26-934B-C15C5E7531BD}
	EndGlobalSection
EndGlobal
